
Microsoft Visual Studio Solution File, Format Version 12.00
# Visual Studio Version 17
VisualStudioVersion = 17.8.34212.112
MinimumVisualStudioVersion = 10.0.40219.1
Project("{9A19103F-16F7-4668-BE54-9A1E7A4F7556}") = "Starwars.Apps.WebAppMvc", "Starwars.Apps.WebAppMvc\Starwars.Apps.WebAppMvc.csproj", "{6A91DF9F-FFC9-4006-902A-3C87731D1764}"
EndProject
Project("{2150E333-8FDC-42A3-9474-1A3956D46DE8}") = "Core", "Core", "{E4682045-11C6-4077-A39D-A77EB928D550}"
EndProject
Project("{9A19103F-16F7-4668-BE54-9A1E7A4F7556}") = "Starwars.Core.Entities", "Starwars.Core.Entities\Starwars.Core.Entities.csproj", "{09CF6EE1-9815-46DA-AD18-022092800FCE}"
EndProject
Project("{9A19103F-16F7-4668-BE54-9A1E7A4F7556}") = "Starwars.Core.DataADONet", "Starwars.Core.DataADONet\Starwars.Core.DataADONet.csproj", "{40B55969-383A-439B-9F44-F0AB2AF608A2}"
EndProject
Project("{9A19103F-16F7-4668-BE54-9A1E7A4F7556}") = "Starwars.Core.Business", "Starwars.Core.Business\Starwars.Core.Business.csproj", "{36F2F810-D3F1-4E3E-9E04-042EB6C023F0}"
EndProject
Global
	GlobalSection(SolutionConfigurationPlatforms) = preSolution
		Debug|Any CPU = Debug|Any CPU
		Release|Any CPU = Release|Any CPU
	EndGlobalSection
	GlobalSection(ProjectConfigurationPlatforms) = postSolution
		{6A91DF9F-FFC9-4006-902A-3C87731D1764}.Debug|Any CPU.ActiveCfg = Debug|Any CPU
		{6A91DF9F-FFC9-4006-902A-3C87731D1764}.Debug|Any CPU.Build.0 = Debug|Any CPU
		{6A91DF9F-FFC9-4006-902A-3C87731D1764}.Release|Any CPU.ActiveCfg = Release|Any CPU
		{6A91DF9F-FFC9-4006-902A-3C87731D1764}.Release|Any CPU.Build.0 = Release|Any CPU
		{09CF6EE1-9815-46DA-AD18-022092800FCE}.Debug|Any CPU.ActiveCfg = Debug|Any CPU
		{09CF6EE1-9815-46DA-AD18-022092800FCE}.Debug|Any CPU.Build.0 = Debug|Any CPU
		{09CF6EE1-9815-46DA-AD18-022092800FCE}.Release|Any CPU.ActiveCfg = Release|Any CPU
		{09CF6EE1-9815-46DA-AD18-022092800FCE}.Release|Any CPU.Build.0 = Release|Any CPU
		{40B55969-383A-439B-9F44-F0AB2AF608A2}.Debug|Any CPU.ActiveCfg = Debug|Any CPU
		{40B55969-383A-439B-9F44-F0AB2AF608A2}.Debug|Any CPU.Build.0 = Debug|Any CPU
		{40B55969-383A-439B-9F44-F0AB2AF608A2}.Release|Any CPU.ActiveCfg = Release|Any CPU
		{40B55969-383A-439B-9F44-F0AB2AF608A2}.Release|Any CPU.Build.0 = Release|Any CPU
		{36F2F810-D3F1-4E3E-9E04-042EB6C023F0}.Debug|Any CPU.ActiveCfg = Debug|Any CPU
		{36F2F810-D3F1-4E3E-9E04-042EB6C023F0}.Debug|Any CPU.Build.0 = Debug|Any CPU
		{36F2F810-D3F1-4E3E-9E04-042EB6C023F0}.Release|Any CPU.ActiveCfg = Release|Any CPU
		{36F2F810-D3F1-4E3E-9E04-042EB6C023F0}.Release|Any CPU.Build.0 = Release|Any CPU
	EndGlobalSection
	GlobalSection(SolutionProperties) = preSolution
		HideSolutionNode = FALSE
	EndGlobalSection
	GlobalSection(NestedProjects) = preSolution
		{09CF6EE1-9815-46DA-AD18-022092800FCE} = {E4682045-11C6-4077-A39D-A77EB928D550}
		{40B55969-383A-439B-9F44-F0AB2AF608A2} = {E4682045-11C6-4077-A39D-A77EB928D550}
		{36F2F810-D3F1-4E3E-9E04-042EB6C023F0} = {E4682045-11C6-4077-A39D-A77EB928D550}
	EndGlobalSection
	GlobalSection(ExtensibilityGlobals) = postSolution
		SolutionGuid = {8F5B8E48-FC1F-44E6-BFDA-741DC3E1046F}
	EndGlobalSection
EndGlobal
