
Microsoft Visual Studio Solution File, Format Version 12.00
# Visual Studio Version 17
VisualStudioVersion = 17.8.34219.65
MinimumVisualStudioVersion = 10.0.40219.1
Project("{FAE04EC0-301F-11D3-BF4B-00C04F79EFBC}") = "Starwars.Apps.BlazorWs", "Starwars.Apps.BlazorWs\Starwars.Apps.BlazorWs.csproj", "{BCF0ED0D-1D37-4392-829E-8AECA81968D0}"
EndProject
Project("{FAE04EC0-301F-11D3-BF4B-00C04F79EFBC}") = "Starwars.Apps.BlazorWs.Client", "Starwars.Apps.BlazorWs.Client\Starwars.Apps.BlazorWs.Client.csproj", "{1AF3AEB6-71AC-4E09-B4AF-0C3C7472FEEC}"
EndProject
Global
	GlobalSection(SolutionConfigurationPlatforms) = preSolution
		Debug|Any CPU = Debug|Any CPU
		Release|Any CPU = Release|Any CPU
	EndGlobalSection
	GlobalSection(ProjectConfigurationPlatforms) = postSolution
		{BCF0ED0D-1D37-4392-829E-8AECA81968D0}.Debug|Any CPU.ActiveCfg = Debug|Any CPU
		{BCF0ED0D-1D37-4392-829E-8AECA81968D0}.Debug|Any CPU.Build.0 = Debug|Any CPU
		{BCF0ED0D-1D37-4392-829E-8AECA81968D0}.Release|Any CPU.ActiveCfg = Release|Any CPU
		{BCF0ED0D-1D37-4392-829E-8AECA81968D0}.Release|Any CPU.Build.0 = Release|Any CPU
		{1AF3AEB6-71AC-4E09-B4AF-0C3C7472FEEC}.Debug|Any CPU.ActiveCfg = Debug|Any CPU
		{1AF3AEB6-71AC-4E09-B4AF-0C3C7472FEEC}.Debug|Any CPU.Build.0 = Debug|Any CPU
		{1AF3AEB6-71AC-4E09-B4AF-0C3C7472FEEC}.Release|Any CPU.ActiveCfg = Release|Any CPU
		{1AF3AEB6-71AC-4E09-B4AF-0C3C7472FEEC}.Release|Any CPU.Build.0 = Release|Any CPU
	EndGlobalSection
	GlobalSection(SolutionProperties) = preSolution
		HideSolutionNode = FALSE
	EndGlobalSection
	GlobalSection(ExtensibilityGlobals) = postSolution
		SolutionGuid = {BFA18580-C5CA-4254-8D1D-B41AC684AD32}
	EndGlobalSection
EndGlobal
