
Microsoft Visual Studio Solution File, Format Version 12.00
# Visual Studio Version 17
VisualStudioVersion = 17.14.36221.1 d17.14
MinimumVisualStudioVersion = 10.0.40219.1
Project("{FAE04EC0-301F-11D3-BF4B-00C04F79EFBC}") = "BlazorApp5", "BlazorApp5.csproj", "{5BF1D9F5-3E84-4917-8149-7A851F47F2C1}"
EndProject
Global
	GlobalSection(SolutionConfigurationPlatforms) = preSolution
		Debug|Any CPU = Debug|Any CPU
		Release|Any CPU = Release|Any CPU
	EndGlobalSection
	GlobalSection(ProjectConfigurationPlatforms) = postSolution
		{5BF1D9F5-3E84-4917-8149-7A851F47F2C1}.Debug|Any CPU.ActiveCfg = Debug|Any CPU
		{5BF1D9F5-3E84-4917-8149-7A851F47F2C1}.Debug|Any CPU.Build.0 = Debug|Any CPU
		{5BF1D9F5-3E84-4917-8149-7A851F47F2C1}.Release|Any CPU.ActiveCfg = Release|Any CPU
		{5BF1D9F5-3E84-4917-8149-7A851F47F2C1}.Release|Any CPU.Build.0 = Release|Any CPU
	EndGlobalSection
	GlobalSection(SolutionProperties) = preSolution
		HideSolutionNode = FALSE
	EndGlobalSection
	GlobalSection(ExtensibilityGlobals) = postSolution
		SolutionGuid = {801E35F5-D7F3-4CA4-9794-DF9C308BEE10}
	EndGlobalSection
EndGlobal
