
Microsoft Visual Studio Solution File, Format Version 12.00
# Visual Studio Version 17
VisualStudioVersion = 17.13.35617.110 d17.13
MinimumVisualStudioVersion = 10.0.40219.1
Project("{FAE04EC0-301F-11D3-BF4B-00C04F79EFBC}") = "WebAppMvc5", "WebAppMvc5.csproj", "{DFCD2254-8868-4C39-87D2-3FEA9526806E}"
EndProject
Global
	GlobalSection(SolutionConfigurationPlatforms) = preSolution
		Debug|Any CPU = Debug|Any CPU
		Release|Any CPU = Release|Any CPU
	EndGlobalSection
	GlobalSection(ProjectConfigurationPlatforms) = postSolution
		{DFCD2254-8868-4C39-87D2-3FEA9526806E}.Debug|Any CPU.ActiveCfg = Debug|Any CPU
		{DFCD2254-8868-4C39-87D2-3FEA9526806E}.Debug|Any CPU.Build.0 = Debug|Any CPU
		{DFCD2254-8868-4C39-87D2-3FEA9526806E}.Release|Any CPU.ActiveCfg = Release|Any CPU
		{DFCD2254-8868-4C39-87D2-3FEA9526806E}.Release|Any CPU.Build.0 = Release|Any CPU
	EndGlobalSection
	GlobalSection(SolutionProperties) = preSolution
		HideSolutionNode = FALSE
	EndGlobalSection
	GlobalSection(ExtensibilityGlobals) = postSolution
		SolutionGuid = {94975372-071E-460B-AB0C-0B8B81BD999B}
	EndGlobalSection
EndGlobal
