
Microsoft Visual Studio Solution File, Format Version 12.00
# Visual Studio Version 17
VisualStudioVersion = 17.11.35005.142
MinimumVisualStudioVersion = 10.0.40219.1
Project("{FAE04EC0-301F-11D3-BF4B-00C04F79EFBC}") = "WebApplication2", "WebApplication2.csproj", "{78D8F23C-AD1A-49BD-86F4-403F57F4CE7E}"
EndProject
Global
	GlobalSection(SolutionConfigurationPlatforms) = preSolution
		Debug|Any CPU = Debug|Any CPU
		Release|Any CPU = Release|Any CPU
	EndGlobalSection
	GlobalSection(ProjectConfigurationPlatforms) = postSolution
		{78D8F23C-AD1A-49BD-86F4-403F57F4CE7E}.Debug|Any CPU.ActiveCfg = Debug|Any CPU
		{78D8F23C-AD1A-49BD-86F4-403F57F4CE7E}.Debug|Any CPU.Build.0 = Debug|Any CPU
		{78D8F23C-AD1A-49BD-86F4-403F57F4CE7E}.Release|Any CPU.ActiveCfg = Release|Any CPU
		{78D8F23C-AD1A-49BD-86F4-403F57F4CE7E}.Release|Any CPU.Build.0 = Release|Any CPU
	EndGlobalSection
	GlobalSection(SolutionProperties) = preSolution
		HideSolutionNode = FALSE
	EndGlobalSection
	GlobalSection(ExtensibilityGlobals) = postSolution
		SolutionGuid = {D035ACFE-59C7-4AC2-9780-6718C897D7ED}
	EndGlobalSection
EndGlobal
