
Microsoft Visual Studio Solution File, Format Version 12.00
# Visual Studio Version 17
VisualStudioVersion = 17.11.34929.205
MinimumVisualStudioVersion = 10.0.40219.1
Project("{FAE04EC0-301F-11D3-BF4B-00C04F79EFBC}") = "WebAppMvc2", "WebAppMvc2.csproj", "{7A27DAA1-8BC3-4ACE-BF9D-0F766639B35E}"
EndProject
Global
	GlobalSection(SolutionConfigurationPlatforms) = preSolution
		Debug|Any CPU = Debug|Any CPU
		Release|Any CPU = Release|Any CPU
	EndGlobalSection
	GlobalSection(ProjectConfigurationPlatforms) = postSolution
		{7A27DAA1-8BC3-4ACE-BF9D-0F766639B35E}.Debug|Any CPU.ActiveCfg = Debug|Any CPU
		{7A27DAA1-8BC3-4ACE-BF9D-0F766639B35E}.Debug|Any CPU.Build.0 = Debug|Any CPU
		{7A27DAA1-8BC3-4ACE-BF9D-0F766639B35E}.Release|Any CPU.ActiveCfg = Release|Any CPU
		{7A27DAA1-8BC3-4ACE-BF9D-0F766639B35E}.Release|Any CPU.Build.0 = Release|Any CPU
	EndGlobalSection
	GlobalSection(SolutionProperties) = preSolution
		HideSolutionNode = FALSE
	EndGlobalSection
	GlobalSection(ExtensibilityGlobals) = postSolution
		SolutionGuid = {46188001-CA7E-46A8-A892-2C5DB1E815ED}
	EndGlobalSection
EndGlobal
